
Microsoft Visual Studio Solution File, Format Version 12.00
# Visual Studio 15
VisualStudioVersion = 15.0.27130.2036
MinimumVisualStudioVersion = 10.0.40219.1
Project("{FAE04EC0-301F-11D3-BF4B-00C04F79EFBC}") = "program1", "program1\program1.csproj", "{ECD773EA-35A2-48DC-BF18-48FACB499B88}"
EndProject
Project("{FAE04EC0-301F-11D3-BF4B-00C04F79EFBC}") = "program2", "program2\program2.csproj", "{65C1C569-F1E0-4904-86AF-518359D22598}"
EndProject
Global
	GlobalSection(SolutionConfigurationPlatforms) = preSolution
		Debug|Any CPU = Debug|Any CPU
		Release|Any CPU = Release|Any CPU
	EndGlobalSection
	GlobalSection(ProjectConfigurationPlatforms) = postSolution
		{ECD773EA-35A2-48DC-BF18-48FACB499B88}.Debug|Any CPU.ActiveCfg = Debug|Any CPU
		{ECD773EA-35A2-48DC-BF18-48FACB499B88}.Debug|Any CPU.Build.0 = Debug|Any CPU
		{ECD773EA-35A2-48DC-BF18-48FACB499B88}.Release|Any CPU.ActiveCfg = Release|Any CPU
		{ECD773EA-35A2-48DC-BF18-48FACB499B88}.Release|Any CPU.Build.0 = Release|Any CPU
		{65C1C569-F1E0-4904-86AF-518359D22598}.Debug|Any CPU.ActiveCfg = Debug|Any CPU
		{65C1C569-F1E0-4904-86AF-518359D22598}.Debug|Any CPU.Build.0 = Debug|Any CPU
		{65C1C569-F1E0-4904-86AF-518359D22598}.Release|Any CPU.ActiveCfg = Release|Any CPU
		{65C1C569-F1E0-4904-86AF-518359D22598}.Release|Any CPU.Build.0 = Release|Any CPU
	EndGlobalSection
	GlobalSection(SolutionProperties) = preSolution
		HideSolutionNode = FALSE
	EndGlobalSection
	GlobalSection(ExtensibilityGlobals) = postSolution
		SolutionGuid = {3BC75AEC-8869-4F04-9DFA-211EA7B46EB4}
	EndGlobalSection
EndGlobal
